
Microsoft Visual Studio Solution File, Format Version 12.00
# Visual Studio Version 17
VisualStudioVersion = 17.7.34009.444
MinimumVisualStudioVersion = 10.0.40219.1
Project("{FAE04EC0-301F-11D3-BF4B-00C04F79EFBC}") = "GavResortsTest", "GavResortsTest.csproj", "{AF34A9ED-4154-40D1-8D26-DDF1595DB13C}"
EndProject
Global
	GlobalSection(SolutionConfigurationPlatforms) = preSolution
		Debug|Any CPU = Debug|Any CPU
		Release|Any CPU = Release|Any CPU
	EndGlobalSection
	GlobalSection(ProjectConfigurationPlatforms) = postSolution
		{AF34A9ED-4154-40D1-8D26-DDF1595DB13C}.Debug|Any CPU.ActiveCfg = Debug|Any CPU
		{AF34A9ED-4154-40D1-8D26-DDF1595DB13C}.Debug|Any CPU.Build.0 = Debug|Any CPU
		{AF34A9ED-4154-40D1-8D26-DDF1595DB13C}.Release|Any CPU.ActiveCfg = Release|Any CPU
		{AF34A9ED-4154-40D1-8D26-DDF1595DB13C}.Release|Any CPU.Build.0 = Release|Any CPU
	EndGlobalSection
	GlobalSection(SolutionProperties) = preSolution
		HideSolutionNode = FALSE
	EndGlobalSection
	GlobalSection(ExtensibilityGlobals) = postSolution
		SolutionGuid = {423C5DAA-FF68-40FE-846E-5A90993A95AA}
	EndGlobalSection
EndGlobal
